
Microsoft Visual Studio Solution File, Format Version 10.00
# Visual Studio 2008
Project("{8BC9CEB8-8B4A-11D0-8D11-00A0C91BC942}") = "T07SPHERE", "T07SPHERE.vcproj", "{BA1EBF17-506C-459F-988B-601C216D5C9C}"
EndProject
Global
	GlobalSection(SolutionConfigurationPlatforms) = preSolution
		Debug|Win32 = Debug|Win32
		Release|Win32 = Release|Win32
	EndGlobalSection
	GlobalSection(ProjectConfigurationPlatforms) = postSolution
		{BA1EBF17-506C-459F-988B-601C216D5C9C}.Debug|Win32.ActiveCfg = Debug|Win32
		{BA1EBF17-506C-459F-988B-601C216D5C9C}.Debug|Win32.Build.0 = Debug|Win32
		{BA1EBF17-506C-459F-988B-601C216D5C9C}.Release|Win32.ActiveCfg = Release|Win32
		{BA1EBF17-506C-459F-988B-601C216D5C9C}.Release|Win32.Build.0 = Release|Win32
	EndGlobalSection
	GlobalSection(SolutionProperties) = preSolution
		HideSolutionNode = FALSE
	EndGlobalSection
EndGlobal
